DEPENDENCIES
  nginx
  rbenv
  rbenv-install-rubies (~> 0.2.1)
  ruby_build
  simple_iptables (~> 0.7.3)
  sqlite

GRAPH
  apt (2.9.2)
  bluepill (2.4.1)
    rsyslog (~> 2.0)
  build-essential (2.2.4)
  chef_handler (1.2.0)
  dmg (2.3.0)
  git (4.3.5)
    build-essential (>= 0.0.0)
    dmg (>= 0.0.0)
    windows (>= 0.0.0)
    yum-epel (>= 0.0.0)
  nginx (2.7.6)
    apt (~> 2.2)
    bluepill (~> 2.3)
    build-essential (~> 2.0)
    ohai (~> 2.0)
    runit (~> 1.2)
    yum-epel (~> 0.3)
  ohai (2.0.4)
  packagecloud (0.1.1)
  rbenv (1.7.1)
    apt (>= 0.0.0)
    build-essential (>= 0.0.0)
    git (>= 0.0.0)
    ohai (>= 1.1)
  rbenv-install-rubies (0.2.1)
    rbenv (>= 0.0.0)
  rsyslog (2.2.0)
  ruby_build (0.8.0)
  runit (1.7.4)
    packagecloud (>= 0.0.0)
  simple_iptables (0.7.3)
  sqlite (1.1.2)
  windows (1.38.4)
    chef_handler (>= 0.0.0)
  yum (3.8.2)
  yum-epel (0.6.5)
    yum (~> 3.2)
